apiVersion: deployment.jorisjonkers.dev/node-contract/v1
kind: NodeContract
metadata:
  sourceSha: "1111111111111111111111111111111111111111"
nodes:
  k3s-01:
    status: active
    schedulable: true
    site: frankfurt
    arch: amd64
    labels:
      platform.jorisjonkers.dev/site: frankfurt
      platform.jorisjonkers.dev/node-id: k3s-01
      kubernetes.io/arch: amd64
      platform.jorisjonkers.dev/capability-platform: "true"
    taints: []
    storage:
      longhorn:
        eligible: true
        nodeTags:
          - fast
        disks:
          - name: nvme
            path: /var/lib/longhorn
            tags:
              - fast
